
Microsoft Visual Studio Solution File, Format Version 12.00
# Visual Studio 14
VisualStudioVersion = 14.0.25420.1
MinimumVisualStudioVersion = 10.0.40219.1
Project("{FAE04EC0-301F-11D3-BF4B-00C04F79EFBC}") = "LoengEntityDemo", "LoengEntityDemo\LoengEntityDemo.csproj", "{4C7715BC-6274-450E-89A2-59A42C3B74E5}"
EndProject
Project("{FAE04EC0-301F-11D3-BF4B-00C04F79EFBC}") = "KonsoolEntity", "KonsoolEntity\KonsoolEntity.csproj", "{71B3BEE7-9283-42D4-A72D-C2E2C418FF3B}"
EndProject
Global
	GlobalSection(SolutionConfigurationPlatforms) = preSolution
		Debug|Any CPU = Debug|Any CPU
		Release|Any CPU = Release|Any CPU
	EndGlobalSection
	GlobalSection(ProjectConfigurationPlatforms) = postSolution
		{4C7715BC-6274-450E-89A2-59A42C3B74E5}.Debug|Any CPU.ActiveCfg = Debug|Any CPU
		{4C7715BC-6274-450E-89A2-59A42C3B74E5}.Debug|Any CPU.Build.0 = Debug|Any CPU
		{4C7715BC-6274-450E-89A2-59A42C3B74E5}.Release|Any CPU.ActiveCfg = Release|Any CPU
		{4C7715BC-6274-450E-89A2-59A42C3B74E5}.Release|Any CPU.Build.0 = Release|Any CPU
		{71B3BEE7-9283-42D4-A72D-C2E2C418FF3B}.Debug|Any CPU.ActiveCfg = Debug|Any CPU
		{71B3BEE7-9283-42D4-A72D-C2E2C418FF3B}.Debug|Any CPU.Build.0 = Debug|Any CPU
		{71B3BEE7-9283-42D4-A72D-C2E2C418FF3B}.Release|Any CPU.ActiveCfg = Release|Any CPU
		{71B3BEE7-9283-42D4-A72D-C2E2C418FF3B}.Release|Any CPU.Build.0 = Release|Any CPU
	EndGlobalSection
	GlobalSection(SolutionProperties) = preSolution
		HideSolutionNode = FALSE
	EndGlobalSection
EndGlobal
